
Microsoft Visual Studio Solution File, Format Version 12.00
# Visual Studio Version 16
VisualStudioVersion = 16.0.31613.86
MinimumVisualStudioVersion = 10.0.40219.1
Project("{FAE04EC0-301F-11D3-BF4B-00C04F79EFBC}") = "IComparableDemo", "IComparableDemo.csproj", "{622B53B1-8694-4263-815A-79ADDA1903C9}"
EndProject
Global
	GlobalSection(SolutionConfigurationPlatforms) = preSolution
		Debug|Any CPU = Debug|Any CPU
		Release|Any CPU = Release|Any CPU
	EndGlobalSection
	GlobalSection(ProjectConfigurationPlatforms) = postSolution
		{622B53B1-8694-4263-815A-79ADDA1903C9}.Debug|Any CPU.ActiveCfg = Debug|Any CPU
		{622B53B1-8694-4263-815A-79ADDA1903C9}.Debug|Any CPU.Build.0 = Debug|Any CPU
		{622B53B1-8694-4263-815A-79ADDA1903C9}.Release|Any CPU.ActiveCfg = Release|Any CPU
		{622B53B1-8694-4263-815A-79ADDA1903C9}.Release|Any CPU.Build.0 = Release|Any CPU
	EndGlobalSection
	GlobalSection(SolutionProperties) = preSolution
		HideSolutionNode = FALSE
	EndGlobalSection
	GlobalSection(ExtensibilityGlobals) = postSolution
		SolutionGuid = {A08308D1-6459-4DA0-B89D-717234FC0DFF}
	EndGlobalSection
EndGlobal
